
Microsoft Visual Studio Solution File, Format Version 12.00
# Visual Studio Version 17
VisualStudioVersion = 17.10.35027.167
MinimumVisualStudioVersion = 10.0.40219.1
Project("{9A19103F-16F7-4668-BE54-9A1E7A4F7556}") = "GourmetApplication", "GourmetApplication\GourmetApplication.csproj", "{A2098985-9799-42E5-86B3-CCC09BE5D5CB}"
	ProjectSection(ProjectDependencies) = postProject
		{7EB30BDF-DCA0-4954-BD5A-A4DE865795B3} = {7EB30BDF-DCA0-4954-BD5A-A4DE865795B3}
	EndProjectSection
EndProject
Project("{9A19103F-16F7-4668-BE54-9A1E7A4F7556}") = "Database", "Database\Database.csproj", "{7EB30BDF-DCA0-4954-BD5A-A4DE865795B3}"
EndProject
Global
	GlobalSection(SolutionConfigurationPlatforms) = preSolution
		Debug|Any CPU = Debug|Any CPU
		Release|Any CPU = Release|Any CPU
	EndGlobalSection
	GlobalSection(ProjectConfigurationPlatforms) = postSolution
		{A2098985-9799-42E5-86B3-CCC09BE5D5CB}.Debug|Any CPU.ActiveCfg = Debug|Any CPU
		{A2098985-9799-42E5-86B3-CCC09BE5D5CB}.Debug|Any CPU.Build.0 = Debug|Any CPU
		{A2098985-9799-42E5-86B3-CCC09BE5D5CB}.Release|Any CPU.ActiveCfg = Release|Any CPU
		{A2098985-9799-42E5-86B3-CCC09BE5D5CB}.Release|Any CPU.Build.0 = Release|Any CPU
		{7EB30BDF-DCA0-4954-BD5A-A4DE865795B3}.Debug|Any CPU.ActiveCfg = Debug|Any CPU
		{7EB30BDF-DCA0-4954-BD5A-A4DE865795B3}.Debug|Any CPU.Build.0 = Debug|Any CPU
		{7EB30BDF-DCA0-4954-BD5A-A4DE865795B3}.Release|Any CPU.ActiveCfg = Release|Any CPU
		{7EB30BDF-DCA0-4954-BD5A-A4DE865795B3}.Release|Any CPU.Build.0 = Release|Any CPU
	EndGlobalSection
	GlobalSection(SolutionProperties) = preSolution
		HideSolutionNode = FALSE
	EndGlobalSection
	GlobalSection(ExtensibilityGlobals) = postSolution
		SolutionGuid = {04F42D42-C70D-42A6-810C-C5DC19A50CC1}
	EndGlobalSection
EndGlobal
